// !$*UTF8*$!
{
	archiveVersion = 1;
	classes = {
	};
	objectVersion = 46;
	objects = {

/* Begin PBXBuildFile section */
		8DE09B3E1DFD3E3000F00DB7 /* AppDelegate.swift in Sources */ = {isa = PBXBuildFile; fileRef = 8DE09B3D1DFD3E3000F00DB7 /* AppDelegate.swift */; };
		8DE09B401DFD3E3000F00DB7 /* ViewController.swift in Sources */ = {isa = PBXBuildFile; fileRef = 8DE09B3F1DFD3E3000F00DB7 /* ViewController.swift */; };
		8DE09B431DFD3E3000F00DB7 /* Main.storyboard in Resources */ = {isa = PBXBuildFile; fileRef = 8DE09B411DFD3E3000F00DB7 /* Main.storyboard */; };
		8DE09B451DFD3E3000F00DB7 /* Assets.xcassets in Resources */ = {isa = PBXBuildFile; fileRef = 8DE09B441DFD3E3000F00DB7 /* Assets.xcassets */; };
		8DE09B481DFD3E3000F00DB7 /* LaunchScreen.storyboard in Resources */ = {isa = PBXBuildFile; fileRef = 8DE09B461DFD3E3000F00DB7 /* LaunchScreen.storyboard */; };
/* End PBXBuildFile section */

/* Begin PBXFileReference section */
		8DE09B3A1DFD3E3000F00DB7 /* 麦霸微博.app */ = {isa = PBXFileReference; explicitFileType = wrapper.application; includeInIndex = 0; path = "麦霸微博.app"; sourceTree = BUILT_PRODUCTS_DIR; };
		8DE09B3D1DFD3E3000F00DB7 /* AppDelegate.swift */ = {isa = PBXFileReference; lastKnownFileType = sourcecode.swift; path = AppDelegate.swift; sourceTree = "<group>"; };
		8DE09B3F1DFD3E3000F00DB7 /* ViewController.swift */ = {isa = PBXFileReference; lastKnownFileType = sourcecode.swift; path = ViewController.swift; sourceTree = "<group>"; };
		8DE09B421DFD3E3000F00DB7 /* Base */ = {isa = PBXFileReference; lastKnownFileType = file.storyboard; name = Base; path = Base.lproj/Main.storyboard; sourceTree = "<group>"; };
		8DE09B441DFD3E3000F00DB7 /* Assets.xcassets */ = {isa = PBXFileReference; lastKnownFileType = folder.assetcatalog; path = Assets.xcassets; sourceTree = "<group>"; };
		8DE09B471DFD3E3000F00DB7 /* Base */ = {isa = PBXFileReference; lastKnownFileType = file.storyboard; name = Base; path = Base.lproj/LaunchScreen.storyboard; sourceTree = "<group>"; };
		8DE09B491DFD3E3000F00DB7 /* Info.plist */ = {isa = PBXFileReference; lastKnownFileType = text.plist.xml; path = Info.plist; sourceTree = "<group>"; };
/* End PBXFileReference section */

/* Begin PBXFrameworksBuildPhase section */
		8DE09B371DFD3E3000F00DB7 /* Frameworks */ = {
			isa = PBXFrameworksBuildPhase;
			buildActionMask = 2147483647;
			files = (
			);
			runOnlyForDeploymentPostprocessing = 0;
		};
/* End PBXFrameworksBuildPhase section */

/* Begin PBXGroup section */
		8DE09B311DFD3E3000F00DB7 = {
			isa = PBXGroup;
			children = (
				8DE09B3C1DFD3E3000F00DB7 /* 麦霸微博 */,
				8DE09B3B1DFD3E3000F00DB7 /* Products */,
			);
			sourceTree = "<group>";
		};
		8DE09B3B1DFD3E3000F00DB7 /* Products */ = {
			isa = PBXGroup;
			children = (
				8DE09B3A1DFD3E3000F00DB7 /* 麦霸微博.app */,
			);
			name = Products;
			sourceTree = "<group>";
		};
		8DE09B3C1DFD3E3000F00DB7 /* 麦霸微博 */ = {
			isa = PBXGroup;
			children = (
				8DE09B3D1DFD3E3000F00DB7 /* AppDelegate.swift */,
				8DE09B3F1DFD3E3000F00DB7 /* ViewController.swift */,
				8DE09B411DFD3E3000F00DB7 /* Main.storyboard */,
				8DE09B441DFD3E3000F00DB7 /* Assets.xcassets */,
				8DE09B461DFD3E3000F00DB7 /* LaunchScreen.storyboard */,
				8DE09B491DFD3E3000F00DB7 /* Info.plist */,
			);
			path = "麦霸微博";
			sourceTree = "<group>";
		};
/* End PBXGroup section */

/* Begin PBXNativeTarget section */
		8DE09B391DFD3E3000F00DB7 /* 麦霸微博 */ = {
			isa = PBXNativeTarget;
			buildConfigurationList = 8DE09B4C1DFD3E3000F00DB7 /* Build configuration list for PBXNativeTarget "麦霸微博" */;
			buildPhases = (
				8DE09B361DFD3E3000F00DB7 /* Sources */,
				8DE09B371DFD3E3000F00DB7 /* Frameworks */,
				8DE09B381DFD3E3000F00DB7 /* Resources */,
			);
			buildRules = (
			);
			dependencies = (
			);
			name = "麦霸微博";
			productName = "麦霸微博";
			productReference = 8DE09B3A1DFD3E3000F00DB7 /* 麦霸微博.app */;
			productType = "com.apple.product-type.application";
		};
/* End PBXNativeTarget section */

/* Begin PBXProject section */
		8DE09B321DFD3E3000F00DB7 /* Project object */ = {
			isa = PBXProject;
			attributes = {
				LastSwiftUpdateCheck = 0800;
				LastUpgradeCheck = 0800;
				ORGANIZATIONNAME = MyBar;
				TargetAttributes = {
					8DE09B391DFD3E3000F00DB7 = {
						CreatedOnToolsVersion = 8.0;
						ProvisioningStyle = Automatic;
					};
				};
			};
			buildConfigurationList = 8DE09B351DFD3E3000F00DB7 /* Build configuration list for PBXProject "麦霸微博" */;
			compatibilityVersion = "Xcode 3.2";
			developmentRegion = English;
			hasScannedForEncodings = 0;
			knownRegions = (
				en,
				Base,
			);
			mainGroup = 8DE09B311DFD3E3000F00DB7;
			productRefGroup = 8DE09B3B1DFD3E3000F00DB7 /* Products */;
			projectDirPath = "";
			projectRoot = "";
			targets = (
				8DE09B391DFD3E3000F00DB7 /* 麦霸微博 */,
			);
		};
/* End PBXProject section */

/* Begin PBXResourcesBuildPhase section */
		8DE09B381DFD3E3000F00DB7 /* Resources */ = {
			isa = PBXResourcesBuildPhase;
			buildActionMask = 2147483647;
			files = (
				8DE09B481DFD3E3000F00DB7 /* LaunchScreen.storyboard in Resources */,
				8DE09B451DFD3E3000F00DB7 /* Assets.xcassets in Resources */,
				8DE09B431DFD3E3000F00DB7 /* Main.storyboard in Resources */,
			);
			runOnlyForDeploymentPostprocessing = 0;
		};
/* End PBXResourcesBuildPhase section */

/* Begin PBXSourcesBuildPhase section */
		8DE09B361DFD3E3000F00DB7 /* Sources */ = {
			isa = PBXSourcesBuildPhase;
			buildActionMask = 2147483647;
			files = (
				8DE09B401DFD3E3000F00DB7 /* ViewController.swift in Sources */,
				8DE09B3E1DFD3E3000F00DB7 /* AppDelegate.swift in Sources */,
			);
			runOnlyForDeploymentPostprocessing = 0;
		};
/* End PBXSourcesBuildPhase section */

/* Begin PBXVariantGroup section */
		8DE09B411DFD3E3000F00DB7 /* Main.storyboard */ = {
			isa = PBXVariantGroup;
			children = (
				8DE09B421DFD3E3000F00DB7 /* Base */,
			);
			name = Main.storyboard;
			sourceTree = "<group>";
		};
		8DE09B461DFD3E3000F00DB7 /* LaunchScreen.storyboard */ = {
			isa = PBXVariantGroup;
			children = (
				8DE09B471DFD3E3000F00DB7 /* Base */,
			);
			name = LaunchScreen.storyboard;
			sourceTree = "<group>";
		};
/* End PBXVariantGroup section */

/* Begin XCBuildConfiguration section */
		8DE09B4A1DFD3E3000F00DB7 /* Debug */ = {
			isa = XCBuildConfiguration;
			buildSettings = {
				ALWAYS_SEARCH_USER_PATHS = NO;
				CLANG_ANALYZER_NONNULL = YES;
				CLANG_CXX_LANGUAGE_STANDARD = "gnu++0x";
				CLANG_CXX_LIBRARY = "libc++";
				CLANG_ENABLE_MODULES = YES;
				CLANG_ENABLE_OBJC_ARC = YES;
				CLANG_WARN_BOOL_CONVERSION = YES;
				CLANG_WARN_CONSTANT_CONVERSION = YES;
				CLANG_WARN_DIRECT_OBJC_ISA_USAGE = YES_ERROR;
				CLANG_WARN_DOCUMENTATION_COMMENTS = YES;
				CLANG_WARN_EMPTY_BODY = YES;
				CLANG_WARN_ENUM_CONVERSION = YES;
				CLANG_WARN_INFINITE_RECURSION = YES;
				CLANG_WARN_INT_CONVERSION = YES;
				CLANG_WARN_OBJC_ROOT_CLASS = YES_ERROR;
				CLANG_WARN_SUSPICIOUS_MOVES = YES;
				CLANG_WARN_UNREACHABLE_CODE = YES;
				CLANG_WARN__DUPLICATE_METHOD_MATCH = YES;
				"CODE_SIGN_IDENTITY[sdk=iphoneos*]" = "iPhone Developer";
				COPY_PHASE_STRIP = NO;
				DEBUG_INFORMATION_FORMAT = dwarf;
				ENABLE_STRICT_OBJC_MSGSEND = YES;
				ENABLE_TESTABILITY = YES;
				GCC_C_LANGUAGE_STANDARD = gnu99;
				GCC_DYNAMIC_NO_PIC = NO;
				GCC_NO_COMMON_BLOCKS = YES;
				GCC_OPTIMIZATION_LEVEL = 0;
				GCC_PREPROCESSOR_DEFINITIONS = (
					"DEBUG=1",
					"$(inherited)",
				);
				GCC_WARN_64_TO_32_BIT_CONVERSION = YES;
				GCC_WARN_ABOUT_RETURN_TYPE = YES_ERROR;
				GCC_WARN_UNDECLARED_SELECTOR = YES;
				GCC_WARN_UNINITIALIZED_AUTOS = YES_AGGRESSIVE;
				GCC_WARN_UNUSED_FUNCTION = YES;
				GCC_WARN_UNUSED_VARIABLE = YES;
				IPHONEOS_DEPLOYMENT_TARGET = 10.0;
				MTL_ENABLE_DEBUG_INFO = YES;
				ONLY_ACTIVE_ARCH = YES;
				SDKROOT = iphoneos;
				SWIFT_ACTIVE_COMPILATION_CONDITIONS = DEBUG;
				SWIFT_OPTIMIZATION_LEVEL = "-Onone";
			};
			name = Debug;
		};
		8DE09B4B1DFD3E3000F00DB7 /* Release */ = {
			isa = XCBuildConfiguration;
			buildSettings = {
				ALWAYS_SEARCH_USER_PATHS = NO;
				CLANG_ANALYZER_NONNULL = YES;
				CLANG_CXX_LANGUAGE_STANDARD = "gnu++0x";
				CLANG_CXX_LIBRARY = "libc++";
				CLANG_ENABLE_MODULES = YES;
				CLANG_ENABLE_OBJC_ARC = YES;
				CLANG_WARN_BOOL_CONVERSION = YES;
				CLANG_WARN_CONSTANT_CONVERSION = YES;
				CLANG_WARN_DIRECT_OBJC_ISA_USAGE = YES_ERROR;
				CLANG_WARN_DOCUMENTATION_COMMENTS = YES;
				CLANG_WARN_EMPTY_BODY = YES;
				CLANG_WARN_ENUM_CONVERSION = YES;
				CLANG_WARN_INFINITE_RECURSION = YES;
				CLANG_WARN_INT_CONVERSION = YES;
				CLANG_WARN_OBJC_ROOT_CLASS = YES_ERROR;
				CLANG_WARN_SUSPICIOUS_MOVES = YES;
				CLANG_WARN_UNREACHABLE_CODE = YES;
				CLANG_WARN__DUPLICATE_METHOD_MATCH = YES;
				"CODE_SIGN_IDENTITY[sdk=iphoneos*]" = "iPhone Developer";
				COPY_PHASE_STRIP = NO;
				DEBUG_INFORMATION_FORMAT = "dwarf-with-dsym";
				ENABLE_NS_ASSERTIONS = NO;
				ENABLE_STRICT_OBJC_MSGSEND = YES;
				GCC_C_LANGUAGE_STANDARD = gnu99;
				GCC_NO_COMMON_BLOCKS = YES;
				GCC_WARN_64_TO_32_BIT_CONVERSION = YES;
				GCC_WARN_ABOUT_RETURN_TYPE = YES_ERROR;
				GCC_WARN_UNDECLARED_SELECTOR = YES;
				GCC_WARN_UNINITIALIZED_AUTOS = YES_AGGRESSIVE;
				GCC_WARN_UNUSED_FUNCTION = YES;
				GCC_WARN_UNUSED_VARIABLE = YES;
				IPHONEOS_DEPLOYMENT_TARGET = 10.0;
				MTL_ENABLE_DEBUG_INFO = NO;
				SDKROOT = iphoneos;
				SWIFT_OPTIMIZATION_LEVEL = "-Owholemodule";
				VALIDATE_PRODUCT = YES;
			};
			name = Release;
		};
		8DE09B4D1DFD3E3000F00DB7 /* Debug */ = {
			isa = XCBuildConfiguration;
			buildSettings = {
				ASSETCATALOG_COMPILER_APPICON_NAME = AppIcon;
				"CODE_SIGN_IDENTITY[sdk=iphoneos*]" = "iPhone Developer";
				DEVELOPMENT_TEAM = "";
				INFOPLIST_FILE = "麦霸微博/Info.plist";
				LD_RUNPATH_SEARCH_PATHS = "$(inherited) @executable_path/Frameworks";
				PRODUCT_BUNDLE_IDENTIFIER = "com.MyBar.----";
				PRODUCT_NAME = "$(TARGET_NAME)";
				SWIFT_VERSION = 3.0;
			};
			name = Debug;
		};
		8DE09B4E1DFD3E3000F00DB7 /* Release */ = {
			isa = XCBuildConfiguration;
			buildSettings = {
				ASSETCATALOG_COMPILER_APPICON_NAME = AppIcon;
				"CODE_SIGN_IDENTITY[sdk=iphoneos*]" = "iPhone Developer";
				DEVELOPMENT_TEAM = "";
				INFOPLIST_FILE = "麦霸微博/Info.plist";
				LD_RUNPATH_SEARCH_PATHS = "$(inherited) @executable_path/Frameworks";
				PRODUCT_BUNDLE_IDENTIFIER = "com.MyBar.----";
				PRODUCT_NAME = "$(TARGET_NAME)";
				SWIFT_VERSION = 3.0;
			};
			name = Release;
		};
/* End XCBuildConfiguration section */

/* Begin XCConfigurationList section */
		8DE09B351DFD3E3000F00DB7 /* Build configuration list for PBXProject "麦霸微博" */ = {
			isa = XCConfigurationList;
			buildConfigurations = (
				8DE09B4A1DFD3E3000F00DB7 /* Debug */,
				8DE09B4B1DFD3E3000F00DB7 /* Release */,
			);
			defaultConfigurationIsVisible = 0;
			defaultConfigurationName = Release;
		};
		8DE09B4C1DFD3E3000F00DB7 /* Build configuration list for PBXNativeTarget "麦霸微博" */ = {
			isa = XCConfigurationList;
			buildConfigurations = (
				8DE09B4D1DFD3E3000F00DB7 /* Debug */,
				8DE09B4E1DFD3E3000F00DB7 /* Release */,
			);
			defaultConfigurationIsVisible = 0;
		};
/* End XCConfigurationList section */
	};
	rootObject = 8DE09B321DFD3E3000F00DB7 /* Project object */;
}
