// !$*UTF8*$!
{
	archiveVersion = 1;
	classes = {
	};
	objectVersion = 46;
	objects = {

/* Begin PBXBuildFile section */
		8D367F331E18F65400B0959C /* UIBarButtonItem+Extensions.swift in Sources */ = {isa = PBXBuildFile; fileRef = 8D367F321E18F65400B0959C /* UIBarButtonItem+Extensions.swift */; };
		8D367F361E18FBB400B0959C /* MBComposeViewController.swift in Sources */ = {isa = PBXBuildFile; fileRef = 8D367F351E18FBB400B0959C /* MBComposeViewController.swift */; };
		8D367F391E19020E00B0959C /* MBDemoViewController.swift in Sources */ = {isa = PBXBuildFile; fileRef = 8D367F381E19020E00B0959C /* MBDemoViewController.swift */; };
		8DE09B3E1DFD3E3000F00DB7 /* AppDelegate.swift in Sources */ = {isa = PBXBuildFile; fileRef = 8DE09B3D1DFD3E3000F00DB7 /* AppDelegate.swift */; };
		8DE09B451DFD3E3000F00DB7 /* Assets.xcassets in Resources */ = {isa = PBXBuildFile; fileRef = 8DE09B441DFD3E3000F00DB7 /* Assets.xcassets */; };
		8DE09B5A1DFD54B200F00DB7 /* MBMainViewController.swift in Sources */ = {isa = PBXBuildFile; fileRef = 8DE09B591DFD54B200F00DB7 /* MBMainViewController.swift */; };
		8DE09B5C1DFD54E200F00DB7 /* MBNavigationController.swift in Sources */ = {isa = PBXBuildFile; fileRef = 8DE09B5B1DFD54E200F00DB7 /* MBNavigationController.swift */; };
		8DE09B5E1DFD54FB00F00DB7 /* MBBaseViewController.swift in Sources */ = {isa = PBXBuildFile; fileRef = 8DE09B5D1DFD54FB00F00DB7 /* MBBaseViewController.swift */; };
		8DE09B601DFD552600F00DB7 /* MBHomeViewController.swift in Sources */ = {isa = PBXBuildFile; fileRef = 8DE09B5F1DFD552600F00DB7 /* MBHomeViewController.swift */; };
		8DE09B621DFD553800F00DB7 /* MBMessageViewController.swift in Sources */ = {isa = PBXBuildFile; fileRef = 8DE09B611DFD553800F00DB7 /* MBMessageViewController.swift */; };
		8DE09B641DFD554B00F00DB7 /* MBDiscoverViewController.swift in Sources */ = {isa = PBXBuildFile; fileRef = 8DE09B631DFD554B00F00DB7 /* MBDiscoverViewController.swift */; };
		8DE09B661DFD555C00F00DB7 /* MBProfileViewController.swift in Sources */ = {isa = PBXBuildFile; fileRef = 8DE09B651DFD555C00F00DB7 /* MBProfileViewController.swift */; };
		8DE09B851DFD59CE00F00DB7 /* NSArray+Log.m in Sources */ = {isa = PBXBuildFile; fileRef = 8DE09B6E1DFD59CE00F00DB7 /* NSArray+Log.m */; };
		8DE09B861DFD59CE00F00DB7 /* NSAttributedString+CZAdditon.m in Sources */ = {isa = PBXBuildFile; fileRef = 8DE09B701DFD59CE00F00DB7 /* NSAttributedString+CZAdditon.m */; };
		8DE09B871DFD59CE00F00DB7 /* NSObject+CZRuntime.m in Sources */ = {isa = PBXBuildFile; fileRef = 8DE09B721DFD59CE00F00DB7 /* NSObject+CZRuntime.m */; };
		8DE09B881DFD59CE00F00DB7 /* NSString+CZBase64.m in Sources */ = {isa = PBXBuildFile; fileRef = 8DE09B741DFD59CE00F00DB7 /* NSString+CZBase64.m */; };
		8DE09B891DFD59CE00F00DB7 /* NSString+CZHash.m in Sources */ = {isa = PBXBuildFile; fileRef = 8DE09B761DFD59CE00F00DB7 /* NSString+CZHash.m */; };
		8DE09B8A1DFD59CE00F00DB7 /* NSString+CZPath.m in Sources */ = {isa = PBXBuildFile; fileRef = 8DE09B781DFD59CE00F00DB7 /* NSString+CZPath.m */; };
		8DE09B8B1DFD59CE00F00DB7 /* UIButton+CZAddition.m in Sources */ = {isa = PBXBuildFile; fileRef = 8DE09B7A1DFD59CE00F00DB7 /* UIButton+CZAddition.m */; };
		8DE09B8C1DFD59CE00F00DB7 /* UIColor+CZAddition.m in Sources */ = {isa = PBXBuildFile; fileRef = 8DE09B7C1DFD59CE00F00DB7 /* UIColor+CZAddition.m */; };
		8DE09B8D1DFD59CE00F00DB7 /* UILabel+CZAddition.m in Sources */ = {isa = PBXBuildFile; fileRef = 8DE09B7E1DFD59CE00F00DB7 /* UILabel+CZAddition.m */; };
		8DE09B8E1DFD59CE00F00DB7 /* UIScreen+CZAddition.m in Sources */ = {isa = PBXBuildFile; fileRef = 8DE09B801DFD59CE00F00DB7 /* UIScreen+CZAddition.m */; };
		8DE09B8F1DFD59CE00F00DB7 /* UIView+CZAddition.m in Sources */ = {isa = PBXBuildFile; fileRef = 8DE09B821DFD59CE00F00DB7 /* UIView+CZAddition.m */; };
		8DE09B901DFD59CE00F00DB7 /* UIViewController+CZAddition.m in Sources */ = {isa = PBXBuildFile; fileRef = 8DE09B841DFD59CE00F00DB7 /* UIViewController+CZAddition.m */; };
		8DE09B931DFD68C100F00DB7 /* Bundle+Extensions.swift in Sources */ = {isa = PBXBuildFile; fileRef = 8DE09B921DFD68C100F00DB7 /* Bundle+Extensions.swift */; };
/* End PBXBuildFile section */

/* Begin PBXFileReference section */
		8D367F321E18F65400B0959C /* UIBarButtonItem+Extensions.swift */ = {isa = PBXFileReference; fileEncoding = 4; lastKnownFileType = sourcecode.swift; path = "UIBarButtonItem+Extensions.swift"; sourceTree = "<group>"; };
		8D367F351E18FBB400B0959C /* MBComposeViewController.swift */ = {isa = PBXFileReference; fileEncoding = 4; lastKnownFileType = sourcecode.swift; path = MBComposeViewController.swift; sourceTree = "<group>"; };
		8D367F381E19020E00B0959C /* MBDemoViewController.swift */ = {isa = PBXFileReference; fileEncoding = 4; lastKnownFileType = sourcecode.swift; path = MBDemoViewController.swift; sourceTree = "<group>"; };
		8DE09B3A1DFD3E3000F00DB7 /* 麦霸微博.app */ = {isa = PBXFileReference; explicitFileType = wrapper.application; includeInIndex = 0; path = "麦霸微博.app"; sourceTree = BUILT_PRODUCTS_DIR; };
		8DE09B3D1DFD3E3000F00DB7 /* AppDelegate.swift */ = {isa = PBXFileReference; lastKnownFileType = sourcecode.swift; path = AppDelegate.swift; sourceTree = "<group>"; };
		8DE09B441DFD3E3000F00DB7 /* Assets.xcassets */ = {isa = PBXFileReference; lastKnownFileType = folder.assetcatalog; path = Assets.xcassets; sourceTree = "<group>"; };
		8DE09B491DFD3E3000F00DB7 /* Info.plist */ = {isa = PBXFileReference; lastKnownFileType = text.plist.xml; path = Info.plist; sourceTree = "<group>"; };
		8DE09B591DFD54B200F00DB7 /* MBMainViewController.swift */ = {isa = PBXFileReference; fileEncoding = 4; lastKnownFileType = sourcecode.swift; path = MBMainViewController.swift; sourceTree = "<group>"; };
		8DE09B5B1DFD54E200F00DB7 /* MBNavigationController.swift */ = {isa = PBXFileReference; fileEncoding = 4; lastKnownFileType = sourcecode.swift; path = MBNavigationController.swift; sourceTree = "<group>"; };
		8DE09B5D1DFD54FB00F00DB7 /* MBBaseViewController.swift */ = {isa = PBXFileReference; fileEncoding = 4; lastKnownFileType = sourcecode.swift; path = MBBaseViewController.swift; sourceTree = "<group>"; };
		8DE09B5F1DFD552600F00DB7 /* MBHomeViewController.swift */ = {isa = PBXFileReference; fileEncoding = 4; lastKnownFileType = sourcecode.swift; path = MBHomeViewController.swift; sourceTree = "<group>"; };
		8DE09B611DFD553800F00DB7 /* MBMessageViewController.swift */ = {isa = PBXFileReference; fileEncoding = 4; lastKnownFileType = sourcecode.swift; path = MBMessageViewController.swift; sourceTree = "<group>"; };
		8DE09B631DFD554B00F00DB7 /* MBDiscoverViewController.swift */ = {isa = PBXFileReference; fileEncoding = 4; lastKnownFileType = sourcecode.swift; path = MBDiscoverViewController.swift; sourceTree = "<group>"; };
		8DE09B651DFD555C00F00DB7 /* MBProfileViewController.swift */ = {isa = PBXFileReference; fileEncoding = 4; lastKnownFileType = sourcecode.swift; path = MBProfileViewController.swift; sourceTree = "<group>"; };
		8DE09B671DFD592A00F00DB7 /* Weibo-Bridging-Header.h */ = {isa = PBXFileReference; lastKnownFileType = sourcecode.c.h; path = "Weibo-Bridging-Header.h"; sourceTree = "<group>"; };
		8DE09B6C1DFD59CE00F00DB7 /* CZAdditions.h */ = {isa = PBXFileReference; fileEncoding = 4; lastKnownFileType = sourcecode.c.h; path = CZAdditions.h; sourceTree = "<group>"; };
		8DE09B6D1DFD59CE00F00DB7 /* NSArray+Log.h */ = {isa = PBXFileReference; fileEncoding = 4; lastKnownFileType = sourcecode.c.h; path = "NSArray+Log.h"; sourceTree = "<group>"; };
		8DE09B6E1DFD59CE00F00DB7 /* NSArray+Log.m */ = {isa = PBXFileReference; fileEncoding = 4; lastKnownFileType = sourcecode.c.objc; path = "NSArray+Log.m"; sourceTree = "<group>"; };
		8DE09B6F1DFD59CE00F00DB7 /* NSAttributedString+CZAdditon.h */ = {isa = PBXFileReference; fileEncoding = 4; lastKnownFileType = sourcecode.c.h; path = "NSAttributedString+CZAdditon.h"; sourceTree = "<group>"; };
		8DE09B701DFD59CE00F00DB7 /* NSAttributedString+CZAdditon.m */ = {isa = PBXFileReference; fileEncoding = 4; lastKnownFileType = sourcecode.c.objc; path = "NSAttributedString+CZAdditon.m"; sourceTree = "<group>"; };
		8DE09B711DFD59CE00F00DB7 /* NSObject+CZRuntime.h */ = {isa = PBXFileReference; fileEncoding = 4; lastKnownFileType = sourcecode.c.h; path = "NSObject+CZRuntime.h"; sourceTree = "<group>"; };
		8DE09B721DFD59CE00F00DB7 /* NSObject+CZRuntime.m */ = {isa = PBXFileReference; fileEncoding = 4; lastKnownFileType = sourcecode.c.objc; path = "NSObject+CZRuntime.m"; sourceTree = "<group>"; };
		8DE09B731DFD59CE00F00DB7 /* NSString+CZBase64.h */ = {isa = PBXFileReference; fileEncoding = 4; lastKnownFileType = sourcecode.c.h; path = "NSString+CZBase64.h"; sourceTree = "<group>"; };
		8DE09B741DFD59CE00F00DB7 /* NSString+CZBase64.m */ = {isa = PBXFileReference; fileEncoding = 4; lastKnownFileType = sourcecode.c.objc; path = "NSString+CZBase64.m"; sourceTree = "<group>"; };
		8DE09B751DFD59CE00F00DB7 /* NSString+CZHash.h */ = {isa = PBXFileReference; fileEncoding = 4; lastKnownFileType = sourcecode.c.h; path = "NSString+CZHash.h"; sourceTree = "<group>"; };
		8DE09B761DFD59CE00F00DB7 /* NSString+CZHash.m */ = {isa = PBXFileReference; fileEncoding = 4; lastKnownFileType = sourcecode.c.objc; path = "NSString+CZHash.m"; sourceTree = "<group>"; };
		8DE09B771DFD59CE00F00DB7 /* NSString+CZPath.h */ = {isa = PBXFileReference; fileEncoding = 4; lastKnownFileType = sourcecode.c.h; path = "NSString+CZPath.h"; sourceTree = "<group>"; };
		8DE09B781DFD59CE00F00DB7 /* NSString+CZPath.m */ = {isa = PBXFileReference; fileEncoding = 4; lastKnownFileType = sourcecode.c.objc; path = "NSString+CZPath.m"; sourceTree = "<group>"; };
		8DE09B791DFD59CE00F00DB7 /* UIButton+CZAddition.h */ = {isa = PBXFileReference; fileEncoding = 4; lastKnownFileType = sourcecode.c.h; path = "UIButton+CZAddition.h"; sourceTree = "<group>"; };
		8DE09B7A1DFD59CE00F00DB7 /* UIButton+CZAddition.m */ = {isa = PBXFileReference; fileEncoding = 4; lastKnownFileType = sourcecode.c.objc; path = "UIButton+CZAddition.m"; sourceTree = "<group>"; };
		8DE09B7B1DFD59CE00F00DB7 /* UIColor+CZAddition.h */ = {isa = PBXFileReference; fileEncoding = 4; lastKnownFileType = sourcecode.c.h; path = "UIColor+CZAddition.h"; sourceTree = "<group>"; };
		8DE09B7C1DFD59CE00F00DB7 /* UIColor+CZAddition.m */ = {isa = PBXFileReference; fileEncoding = 4; lastKnownFileType = sourcecode.c.objc; path = "UIColor+CZAddition.m"; sourceTree = "<group>"; };
		8DE09B7D1DFD59CE00F00DB7 /* UILabel+CZAddition.h */ = {isa = PBXFileReference; fileEncoding = 4; lastKnownFileType = sourcecode.c.h; path = "UILabel+CZAddition.h"; sourceTree = "<group>"; };
		8DE09B7E1DFD59CE00F00DB7 /* UILabel+CZAddition.m */ = {isa = PBXFileReference; fileEncoding = 4; lastKnownFileType = sourcecode.c.objc; path = "UILabel+CZAddition.m"; sourceTree = "<group>"; };
		8DE09B7F1DFD59CE00F00DB7 /* UIScreen+CZAddition.h */ = {isa = PBXFileReference; fileEncoding = 4; lastKnownFileType = sourcecode.c.h; path = "UIScreen+CZAddition.h"; sourceTree = "<group>"; };
		8DE09B801DFD59CE00F00DB7 /* UIScreen+CZAddition.m */ = {isa = PBXFileReference; fileEncoding = 4; lastKnownFileType = sourcecode.c.objc; path = "UIScreen+CZAddition.m"; sourceTree = "<group>"; };
		8DE09B811DFD59CE00F00DB7 /* UIView+CZAddition.h */ = {isa = PBXFileReference; fileEncoding = 4; lastKnownFileType = sourcecode.c.h; path = "UIView+CZAddition.h"; sourceTree = "<group>"; };
		8DE09B821DFD59CE00F00DB7 /* UIView+CZAddition.m */ = {isa = PBXFileReference; fileEncoding = 4; lastKnownFileType = sourcecode.c.objc; path = "UIView+CZAddition.m"; sourceTree = "<group>"; };
		8DE09B831DFD59CE00F00DB7 /* UIViewController+CZAddition.h */ = {isa = PBXFileReference; fileEncoding = 4; lastKnownFileType = sourcecode.c.h; path = "UIViewController+CZAddition.h"; sourceTree = "<group>"; };
		8DE09B841DFD59CE00F00DB7 /* UIViewController+CZAddition.m */ = {isa = PBXFileReference; fileEncoding = 4; lastKnownFileType = sourcecode.c.objc; path = "UIViewController+CZAddition.m"; sourceTree = "<group>"; };
		8DE09B921DFD68C100F00DB7 /* Bundle+Extensions.swift */ = {isa = PBXFileReference; fileEncoding = 4; lastKnownFileType = sourcecode.swift; path = "Bundle+Extensions.swift"; sourceTree = "<group>"; };
/* End PBXFileReference section */

/* Begin PBXFrameworksBuildPhase section */
		8DE09B371DFD3E3000F00DB7 /* Frameworks */ = {
			isa = PBXFrameworksBuildPhase;
			buildActionMask = 2147483647;
			files = (
			);
			runOnlyForDeploymentPostprocessing = 0;
		};
/* End PBXFrameworksBuildPhase section */

/* Begin PBXGroup section */
		8D367F341E18FB7000B0959C /* Compose */ = {
			isa = PBXGroup;
			children = (
				8D367F351E18FBB400B0959C /* MBComposeViewController.swift */,
			);
			path = Compose;
			sourceTree = "<group>";
		};
		8D367F371E1901C100B0959C /* 测试 */ = {
			isa = PBXGroup;
			children = (
				8D367F381E19020E00B0959C /* MBDemoViewController.swift */,
			);
			path = "测试";
			sourceTree = "<group>";
		};
		8DE09B311DFD3E3000F00DB7 = {
			isa = PBXGroup;
			children = (
				8DE09B3C1DFD3E3000F00DB7 /* 麦霸微博 */,
				8DE09B3B1DFD3E3000F00DB7 /* Products */,
			);
			sourceTree = "<group>";
		};
		8DE09B3B1DFD3E3000F00DB7 /* Products */ = {
			isa = PBXGroup;
			children = (
				8DE09B3A1DFD3E3000F00DB7 /* 麦霸微博.app */,
			);
			name = Products;
			sourceTree = "<group>";
		};
		8DE09B3C1DFD3E3000F00DB7 /* 麦霸微博 */ = {
			isa = PBXGroup;
			children = (
				8DE09B4F1DFD543B00F00DB7 /* Classes */,
				8DE09B3D1DFD3E3000F00DB7 /* AppDelegate.swift */,
				8DE09B441DFD3E3000F00DB7 /* Assets.xcassets */,
				8DE09B491DFD3E3000F00DB7 /* Info.plist */,
				8DE09B671DFD592A00F00DB7 /* Weibo-Bridging-Header.h */,
			);
			path = "麦霸微博";
			sourceTree = "<group>";
		};
		8DE09B4F1DFD543B00F00DB7 /* Classes */ = {
			isa = PBXGroup;
			children = (
				8DE09B521DFD543B00F00DB7 /* View(视图和控制器) */,
				8DE09B581DFD543B00F00DB7 /* ViewModel(视图模型) */,
				8DE09B501DFD543B00F00DB7 /* Model(模型) */,
				8DE09B511DFD543B00F00DB7 /* Tools(工具) */,
			);
			path = Classes;
			sourceTree = "<group>";
		};
		8DE09B501DFD543B00F00DB7 /* Model(模型) */ = {
			isa = PBXGroup;
			children = (
			);
			path = "Model(模型)";
			sourceTree = "<group>";
		};
		8DE09B511DFD543B00F00DB7 /* Tools(工具) */ = {
			isa = PBXGroup;
			children = (
				8DE09B911DFD688E00F00DB7 /* Extensions */,
				8DE09B6B1DFD59CE00F00DB7 /* Additions */,
			);
			path = "Tools(工具)";
			sourceTree = "<group>";
		};
		8DE09B521DFD543B00F00DB7 /* View(视图和控制器) */ = {
			isa = PBXGroup;
			children = (
				8DE09B551DFD543B00F00DB7 /* Main */,
				8DE09B541DFD543B00F00DB7 /* Home */,
				8DE09B561DFD543B00F00DB7 /* Message */,
				8D367F341E18FB7000B0959C /* Compose */,
				8DE09B531DFD543B00F00DB7 /* Discover */,
				8DE09B571DFD543B00F00DB7 /* Profile */,
			);
			path = "View(视图和控制器)";
			sourceTree = "<group>";
		};
		8DE09B531DFD543B00F00DB7 /* Discover */ = {
			isa = PBXGroup;
			children = (
				8DE09B631DFD554B00F00DB7 /* MBDiscoverViewController.swift */,
			);
			path = Discover;
			sourceTree = "<group>";
		};
		8DE09B541DFD543B00F00DB7 /* Home */ = {
			isa = PBXGroup;
			children = (
				8DE09B5F1DFD552600F00DB7 /* MBHomeViewController.swift */,
			);
			path = Home;
			sourceTree = "<group>";
		};
		8DE09B551DFD543B00F00DB7 /* Main */ = {
			isa = PBXGroup;
			children = (
				8DE09B591DFD54B200F00DB7 /* MBMainViewController.swift */,
				8DE09B5B1DFD54E200F00DB7 /* MBNavigationController.swift */,
				8DE09B5D1DFD54FB00F00DB7 /* MBBaseViewController.swift */,
				8D367F371E1901C100B0959C /* 测试 */,
			);
			path = Main;
			sourceTree = "<group>";
		};
		8DE09B561DFD543B00F00DB7 /* Message */ = {
			isa = PBXGroup;
			children = (
				8DE09B611DFD553800F00DB7 /* MBMessageViewController.swift */,
			);
			path = Message;
			sourceTree = "<group>";
		};
		8DE09B571DFD543B00F00DB7 /* Profile */ = {
			isa = PBXGroup;
			children = (
				8DE09B651DFD555C00F00DB7 /* MBProfileViewController.swift */,
			);
			path = Profile;
			sourceTree = "<group>";
		};
		8DE09B581DFD543B00F00DB7 /* ViewModel(视图模型) */ = {
			isa = PBXGroup;
			children = (
			);
			path = "ViewModel(视图模型)";
			sourceTree = "<group>";
		};
		8DE09B6B1DFD59CE00F00DB7 /* Additions */ = {
			isa = PBXGroup;
			children = (
				8DE09B6C1DFD59CE00F00DB7 /* CZAdditions.h */,
				8DE09B6D1DFD59CE00F00DB7 /* NSArray+Log.h */,
				8DE09B6E1DFD59CE00F00DB7 /* NSArray+Log.m */,
				8DE09B6F1DFD59CE00F00DB7 /* NSAttributedString+CZAdditon.h */,
				8DE09B701DFD59CE00F00DB7 /* NSAttributedString+CZAdditon.m */,
				8DE09B711DFD59CE00F00DB7 /* NSObject+CZRuntime.h */,
				8DE09B721DFD59CE00F00DB7 /* NSObject+CZRuntime.m */,
				8DE09B731DFD59CE00F00DB7 /* NSString+CZBase64.h */,
				8DE09B741DFD59CE00F00DB7 /* NSString+CZBase64.m */,
				8DE09B751DFD59CE00F00DB7 /* NSString+CZHash.h */,
				8DE09B761DFD59CE00F00DB7 /* NSString+CZHash.m */,
				8DE09B771DFD59CE00F00DB7 /* NSString+CZPath.h */,
				8DE09B781DFD59CE00F00DB7 /* NSString+CZPath.m */,
				8DE09B791DFD59CE00F00DB7 /* UIButton+CZAddition.h */,
				8DE09B7A1DFD59CE00F00DB7 /* UIButton+CZAddition.m */,
				8DE09B7B1DFD59CE00F00DB7 /* UIColor+CZAddition.h */,
				8DE09B7C1DFD59CE00F00DB7 /* UIColor+CZAddition.m */,
				8DE09B7D1DFD59CE00F00DB7 /* UILabel+CZAddition.h */,
				8DE09B7E1DFD59CE00F00DB7 /* UILabel+CZAddition.m */,
				8DE09B7F1DFD59CE00F00DB7 /* UIScreen+CZAddition.h */,
				8DE09B801DFD59CE00F00DB7 /* UIScreen+CZAddition.m */,
				8DE09B811DFD59CE00F00DB7 /* UIView+CZAddition.h */,
				8DE09B821DFD59CE00F00DB7 /* UIView+CZAddition.m */,
				8DE09B831DFD59CE00F00DB7 /* UIViewController+CZAddition.h */,
				8DE09B841DFD59CE00F00DB7 /* UIViewController+CZAddition.m */,
			);
			path = Additions;
			sourceTree = "<group>";
		};
		8DE09B911DFD688E00F00DB7 /* Extensions */ = {
			isa = PBXGroup;
			children = (
				8DE09B921DFD68C100F00DB7 /* Bundle+Extensions.swift */,
				8D367F321E18F65400B0959C /* UIBarButtonItem+Extensions.swift */,
			);
			path = Extensions;
			sourceTree = "<group>";
		};
/* End PBXGroup section */

/* Begin PBXNativeTarget section */
		8DE09B391DFD3E3000F00DB7 /* 麦霸微博 */ = {
			isa = PBXNativeTarget;
			buildConfigurationList = 8DE09B4C1DFD3E3000F00DB7 /* Build configuration list for PBXNativeTarget "麦霸微博" */;
			buildPhases = (
				8DE09B361DFD3E3000F00DB7 /* Sources */,
				8DE09B371DFD3E3000F00DB7 /* Frameworks */,
				8DE09B381DFD3E3000F00DB7 /* Resources */,
			);
			buildRules = (
			);
			dependencies = (
			);
			name = "麦霸微博";
			productName = "麦霸微博";
			productReference = 8DE09B3A1DFD3E3000F00DB7 /* 麦霸微博.app */;
			productType = "com.apple.product-type.application";
		};
/* End PBXNativeTarget section */

/* Begin PBXProject section */
		8DE09B321DFD3E3000F00DB7 /* Project object */ = {
			isa = PBXProject;
			attributes = {
				CLASSPREFIX = MB;
				LastSwiftUpdateCheck = 0800;
				LastUpgradeCheck = 0800;
				ORGANIZATIONNAME = MyBar;
				TargetAttributes = {
					8DE09B391DFD3E3000F00DB7 = {
						CreatedOnToolsVersion = 8.0;
						LastSwiftMigration = 0800;
						ProvisioningStyle = Automatic;
					};
				};
			};
			buildConfigurationList = 8DE09B351DFD3E3000F00DB7 /* Build configuration list for PBXProject "麦霸微博" */;
			compatibilityVersion = "Xcode 3.2";
			developmentRegion = English;
			hasScannedForEncodings = 0;
			knownRegions = (
				en,
				Base,
			);
			mainGroup = 8DE09B311DFD3E3000F00DB7;
			productRefGroup = 8DE09B3B1DFD3E3000F00DB7 /* Products */;
			projectDirPath = "";
			projectRoot = "";
			targets = (
				8DE09B391DFD3E3000F00DB7 /* 麦霸微博 */,
			);
		};
/* End PBXProject section */

/* Begin PBXResourcesBuildPhase section */
		8DE09B381DFD3E3000F00DB7 /* Resources */ = {
			isa = PBXResourcesBuildPhase;
			buildActionMask = 2147483647;
			files = (
				8DE09B451DFD3E3000F00DB7 /* Assets.xcassets in Resources */,
			);
			runOnlyForDeploymentPostprocessing = 0;
		};
/* End PBXResourcesBuildPhase section */

/* Begin PBXSourcesBuildPhase section */
		8DE09B361DFD3E3000F00DB7 /* Sources */ = {
			isa = PBXSourcesBuildPhase;
			buildActionMask = 2147483647;
			files = (
				8D367F391E19020E00B0959C /* MBDemoViewController.swift in Sources */,
				8D367F361E18FBB400B0959C /* MBComposeViewController.swift in Sources */,
				8DE09B8C1DFD59CE00F00DB7 /* UIColor+CZAddition.m in Sources */,
				8DE09B851DFD59CE00F00DB7 /* NSArray+Log.m in Sources */,
				8DE09B931DFD68C100F00DB7 /* Bundle+Extensions.swift in Sources */,
				8DE09B5C1DFD54E200F00DB7 /* MBNavigationController.swift in Sources */,
				8DE09B8D1DFD59CE00F00DB7 /* UILabel+CZAddition.m in Sources */,
				8DE09B861DFD59CE00F00DB7 /* NSAttributedString+CZAdditon.m in Sources */,
				8DE09B901DFD59CE00F00DB7 /* UIViewController+CZAddition.m in Sources */,
				8DE09B881DFD59CE00F00DB7 /* NSString+CZBase64.m in Sources */,
				8DE09B5A1DFD54B200F00DB7 /* MBMainViewController.swift in Sources */,
				8DE09B5E1DFD54FB00F00DB7 /* MBBaseViewController.swift in Sources */,
				8DE09B621DFD553800F00DB7 /* MBMessageViewController.swift in Sources */,
				8DE09B8B1DFD59CE00F00DB7 /* UIButton+CZAddition.m in Sources */,
				8DE09B8E1DFD59CE00F00DB7 /* UIScreen+CZAddition.m in Sources */,
				8DE09B641DFD554B00F00DB7 /* MBDiscoverViewController.swift in Sources */,
				8D367F331E18F65400B0959C /* UIBarButtonItem+Extensions.swift in Sources */,
				8DE09B871DFD59CE00F00DB7 /* NSObject+CZRuntime.m in Sources */,
				8DE09B601DFD552600F00DB7 /* MBHomeViewController.swift in Sources */,
				8DE09B3E1DFD3E3000F00DB7 /* AppDelegate.swift in Sources */,
				8DE09B8A1DFD59CE00F00DB7 /* NSString+CZPath.m in Sources */,
				8DE09B8F1DFD59CE00F00DB7 /* UIView+CZAddition.m in Sources */,
				8DE09B891DFD59CE00F00DB7 /* NSString+CZHash.m in Sources */,
				8DE09B661DFD555C00F00DB7 /* MBProfileViewController.swift in Sources */,
			);
			runOnlyForDeploymentPostprocessing = 0;
		};
/* End PBXSourcesBuildPhase section */

/* Begin XCBuildConfiguration section */
		8DE09B4A1DFD3E3000F00DB7 /* Debug */ = {
			isa = XCBuildConfiguration;
			buildSettings = {
				ALWAYS_SEARCH_USER_PATHS = NO;
				CLANG_ANALYZER_NONNULL = YES;
				CLANG_CXX_LANGUAGE_STANDARD = "gnu++0x";
				CLANG_CXX_LIBRARY = "libc++";
				CLANG_ENABLE_MODULES = YES;
				CLANG_ENABLE_OBJC_ARC = YES;
				CLANG_WARN_BOOL_CONVERSION = YES;
				CLANG_WARN_CONSTANT_CONVERSION = YES;
				CLANG_WARN_DIRECT_OBJC_ISA_USAGE = YES_ERROR;
				CLANG_WARN_DOCUMENTATION_COMMENTS = YES;
				CLANG_WARN_EMPTY_BODY = YES;
				CLANG_WARN_ENUM_CONVERSION = YES;
				CLANG_WARN_INFINITE_RECURSION = YES;
				CLANG_WARN_INT_CONVERSION = YES;
				CLANG_WARN_OBJC_ROOT_CLASS = YES_ERROR;
				CLANG_WARN_SUSPICIOUS_MOVES = YES;
				CLANG_WARN_UNREACHABLE_CODE = YES;
				CLANG_WARN__DUPLICATE_METHOD_MATCH = YES;
				"CODE_SIGN_IDENTITY[sdk=iphoneos*]" = "iPhone Developer";
				COPY_PHASE_STRIP = NO;
				DEBUG_INFORMATION_FORMAT = dwarf;
				ENABLE_STRICT_OBJC_MSGSEND = YES;
				ENABLE_TESTABILITY = YES;
				GCC_C_LANGUAGE_STANDARD = gnu99;
				GCC_DYNAMIC_NO_PIC = NO;
				GCC_NO_COMMON_BLOCKS = YES;
				GCC_OPTIMIZATION_LEVEL = 0;
				GCC_PREPROCESSOR_DEFINITIONS = (
					"DEBUG=1",
					"$(inherited)",
				);
				GCC_WARN_64_TO_32_BIT_CONVERSION = YES;
				GCC_WARN_ABOUT_RETURN_TYPE = YES_ERROR;
				GCC_WARN_UNDECLARED_SELECTOR = YES;
				GCC_WARN_UNINITIALIZED_AUTOS = YES_AGGRESSIVE;
				GCC_WARN_UNUSED_FUNCTION = YES;
				GCC_WARN_UNUSED_VARIABLE = YES;
				IPHONEOS_DEPLOYMENT_TARGET = 10.0;
				MTL_ENABLE_DEBUG_INFO = YES;
				ONLY_ACTIVE_ARCH = YES;
				SDKROOT = iphoneos;
				SWIFT_ACTIVE_COMPILATION_CONDITIONS = DEBUG;
				SWIFT_OPTIMIZATION_LEVEL = "-Onone";
			};
			name = Debug;
		};
		8DE09B4B1DFD3E3000F00DB7 /* Release */ = {
			isa = XCBuildConfiguration;
			buildSettings = {
				ALWAYS_SEARCH_USER_PATHS = NO;
				CLANG_ANALYZER_NONNULL = YES;
				CLANG_CXX_LANGUAGE_STANDARD = "gnu++0x";
				CLANG_CXX_LIBRARY = "libc++";
				CLANG_ENABLE_MODULES = YES;
				CLANG_ENABLE_OBJC_ARC = YES;
				CLANG_WARN_BOOL_CONVERSION = YES;
				CLANG_WARN_CONSTANT_CONVERSION = YES;
				CLANG_WARN_DIRECT_OBJC_ISA_USAGE = YES_ERROR;
				CLANG_WARN_DOCUMENTATION_COMMENTS = YES;
				CLANG_WARN_EMPTY_BODY = YES;
				CLANG_WARN_ENUM_CONVERSION = YES;
				CLANG_WARN_INFINITE_RECURSION = YES;
				CLANG_WARN_INT_CONVERSION = YES;
				CLANG_WARN_OBJC_ROOT_CLASS = YES_ERROR;
				CLANG_WARN_SUSPICIOUS_MOVES = YES;
				CLANG_WARN_UNREACHABLE_CODE = YES;
				CLANG_WARN__DUPLICATE_METHOD_MATCH = YES;
				"CODE_SIGN_IDENTITY[sdk=iphoneos*]" = "iPhone Developer";
				COPY_PHASE_STRIP = NO;
				DEBUG_INFORMATION_FORMAT = "dwarf-with-dsym";
				ENABLE_NS_ASSERTIONS = NO;
				ENABLE_STRICT_OBJC_MSGSEND = YES;
				GCC_C_LANGUAGE_STANDARD = gnu99;
				GCC_NO_COMMON_BLOCKS = YES;
				GCC_WARN_64_TO_32_BIT_CONVERSION = YES;
				GCC_WARN_ABOUT_RETURN_TYPE = YES_ERROR;
				GCC_WARN_UNDECLARED_SELECTOR = YES;
				GCC_WARN_UNINITIALIZED_AUTOS = YES_AGGRESSIVE;
				GCC_WARN_UNUSED_FUNCTION = YES;
				GCC_WARN_UNUSED_VARIABLE = YES;
				IPHONEOS_DEPLOYMENT_TARGET = 10.0;
				MTL_ENABLE_DEBUG_INFO = NO;
				SDKROOT = iphoneos;
				SWIFT_OPTIMIZATION_LEVEL = "-Owholemodule";
				VALIDATE_PRODUCT = YES;
			};
			name = Release;
		};
		8DE09B4D1DFD3E3000F00DB7 /* Debug */ = {
			isa = XCBuildConfiguration;
			buildSettings = {
				ASSETCATALOG_COMPILER_APPICON_NAME = AppIcon;
				ASSETCATALOG_COMPILER_LAUNCHIMAGE_NAME = LaunchImage;
				CLANG_ENABLE_MODULES = YES;
				"CODE_SIGN_IDENTITY[sdk=iphoneos*]" = "iPhone Developer";
				DEVELOPMENT_TEAM = "";
				INFOPLIST_FILE = "麦霸微博/Info.plist";
				IPHONEOS_DEPLOYMENT_TARGET = 8.0;
				LD_RUNPATH_SEARCH_PATHS = "$(inherited) @executable_path/Frameworks";
				PRODUCT_BUNDLE_IDENTIFIER = "com.MyBar.----";
				PRODUCT_NAME = "$(TARGET_NAME)";
				SWIFT_OBJC_BRIDGING_HEADER = "麦霸微博/Weibo-Bridging-Header.h";
				SWIFT_OPTIMIZATION_LEVEL = "-Onone";
				SWIFT_VERSION = 3.0;
			};
			name = Debug;
		};
		8DE09B4E1DFD3E3000F00DB7 /* Release */ = {
			isa = XCBuildConfiguration;
			buildSettings = {
				ASSETCATALOG_COMPILER_APPICON_NAME = AppIcon;
				ASSETCATALOG_COMPILER_LAUNCHIMAGE_NAME = LaunchImage;
				CLANG_ENABLE_MODULES = YES;
				"CODE_SIGN_IDENTITY[sdk=iphoneos*]" = "iPhone Developer";
				DEVELOPMENT_TEAM = "";
				INFOPLIST_FILE = "麦霸微博/Info.plist";
				IPHONEOS_DEPLOYMENT_TARGET = 8.0;
				LD_RUNPATH_SEARCH_PATHS = "$(inherited) @executable_path/Frameworks";
				PRODUCT_BUNDLE_IDENTIFIER = "com.MyBar.----";
				PRODUCT_NAME = "$(TARGET_NAME)";
				SWIFT_OBJC_BRIDGING_HEADER = "麦霸微博/Weibo-Bridging-Header.h";
				SWIFT_VERSION = 3.0;
			};
			name = Release;
		};
/* End XCBuildConfiguration section */

/* Begin XCConfigurationList section */
		8DE09B351DFD3E3000F00DB7 /* Build configuration list for PBXProject "麦霸微博" */ = {
			isa = XCConfigurationList;
			buildConfigurations = (
				8DE09B4A1DFD3E3000F00DB7 /* Debug */,
				8DE09B4B1DFD3E3000F00DB7 /* Release */,
			);
			defaultConfigurationIsVisible = 0;
			defaultConfigurationName = Release;
		};
		8DE09B4C1DFD3E3000F00DB7 /* Build configuration list for PBXNativeTarget "麦霸微博" */ = {
			isa = XCConfigurationList;
			buildConfigurations = (
				8DE09B4D1DFD3E3000F00DB7 /* Debug */,
				8DE09B4E1DFD3E3000F00DB7 /* Release */,
			);
			defaultConfigurationIsVisible = 0;
			defaultConfigurationName = Release;
		};
/* End XCConfigurationList section */
	};
	rootObject = 8DE09B321DFD3E3000F00DB7 /* Project object */;
}
